
Microsoft Visual Studio Solution File, Format Version 12.00
# Visual Studio Version 17
VisualStudioVersion = 17.11.35327.3
MinimumVisualStudioVersion = 10.0.40219.1
Project("{FAE04EC0-301F-11D3-BF4B-00C04F79EFBC}") = "firstMVCproj", "firstMVCproj\firstMVCproj.csproj", "{F9AD49E3-E271-4965-A95E-56424E50DCFD}"
EndProject
Global
	GlobalSection(SolutionConfigurationPlatforms) = preSolution
		Debug|Any CPU = Debug|Any CPU
		Release|Any CPU = Release|Any CPU
	EndGlobalSection
	GlobalSection(ProjectConfigurationPlatforms) = postSolution
		{F9AD49E3-E271-4965-A95E-56424E50DCFD}.Debug|Any CPU.ActiveCfg = Debug|Any CPU
		{F9AD49E3-E271-4965-A95E-56424E50DCFD}.Debug|Any CPU.Build.0 = Debug|Any CPU
		{F9AD49E3-E271-4965-A95E-56424E50DCFD}.Release|Any CPU.ActiveCfg = Release|Any CPU
		{F9AD49E3-E271-4965-A95E-56424E50DCFD}.Release|Any CPU.Build.0 = Release|Any CPU
	EndGlobalSection
	GlobalSection(SolutionProperties) = preSolution
		HideSolutionNode = FALSE
	EndGlobalSection
	GlobalSection(ExtensibilityGlobals) = postSolution
		SolutionGuid = {D10090E9-10F8-4E8F-9849-37C13DF164A5}
	EndGlobalSection
EndGlobal
